
Microsoft Visual Studio Solution File, Format Version 12.00
# Visual Studio Version 17
VisualStudioVersion = 17.3.32929.385
MinimumVisualStudioVersion = 10.0.40219.1
Project("{2150E333-8FDC-42A3-9474-1A3956D46DE8}") = "src", "src", "{3B82A3EB-8FD6-4DBA-BC1D-EC9866CC0171}"
EndProject
Project("{2150E333-8FDC-42A3-9474-1A3956D46DE8}") = "Solarvito", "Solarvito", "{8CC0C312-F7BE-49E3-ADCD-EE158108E573}"
EndProject
Project("{2150E333-8FDC-42A3-9474-1A3956D46DE8}") = "Hosts", "Hosts", "{7CC18B6D-CE50-4322-A1DA-0AE20372A765}"
EndProject
Project("{2150E333-8FDC-42A3-9474-1A3956D46DE8}") = "Application", "Application", "{FC151684-8B39-4FB6-A0EE-1095143CE44C}"
EndProject
Project("{2150E333-8FDC-42A3-9474-1A3956D46DE8}") = "Infrastructure", "Infrastructure", "{AF8AF4AD-5396-44CB-A38B-B8673A4CFE08}"
EndProject
Project("{2150E333-8FDC-42A3-9474-1A3956D46DE8}") = "Contracts", "Contracts", "{A83CFB29-5E3B-4F16-AC9E-299DB247DA94}"
EndProject
Project("{2150E333-8FDC-42A3-9474-1A3956D46DE8}") = "Domain", "Domain", "{66395199-B8B6-436F-BAF0-72EEF80F4729}"
EndProject
Project("{2150E333-8FDC-42A3-9474-1A3956D46DE8}") = "Tests", "Tests", "{798B6194-4185-4003-9816-5AA1A67DD37B}"
EndProject
Project("{FAE04EC0-301F-11D3-BF4B-00C04F79EFBC}") = "Solarvito.Api", "src\Solarvito\Hosts\Solarvito.Api\Solarvito.Api.csproj", "{B24EB8DB-4CF0-4DD1-B3C2-DA758397079F}"
EndProject
Project("{FAE04EC0-301F-11D3-BF4B-00C04F79EFBC}") = "Solarvito.Domain", "src\Solarvito\Domain\Solarvito.Domain\Solarvito.Domain.csproj", "{B583BEE1-40AD-4ECC-9A4E-421A8C8964E7}"
EndProject
Project("{FAE04EC0-301F-11D3-BF4B-00C04F79EFBC}") = "Solarvito.Contracts", "src\Solarvito\Contracts\Solarvito.Contracts\Solarvito.Contracts.csproj", "{F5F8AAA8-8C20-4B41-A87B-CC51093FE618}"
EndProject
Project("{FAE04EC0-301F-11D3-BF4B-00C04F79EFBC}") = "Solarvito.AppServices", "src\Solarvito\Application\Solarvito.AppServices\Solarvito.AppServices.csproj", "{67AF4EAB-7C0F-47BB-BC89-0438E8B0224C}"
EndProject
Project("{FAE04EC0-301F-11D3-BF4B-00C04F79EFBC}") = "Solarvito.DataAccess", "src\Solarvito\Infrastructure\Solarvito.DataAccess\Solarvito.DataAccess.csproj", "{6D50C5FC-AE56-4C64-AF77-1B8DCA9E0198}"
EndProject
Project("{FAE04EC0-301F-11D3-BF4B-00C04F79EFBC}") = "Solarvito.Infrastructure", "src\Solarvito\Infrastructure\Solarvito.Infrastructure\Solarvito.Infrastructure.csproj", "{763A3A02-74F5-4B40-A3BA-98891A753D7A}"
EndProject
Project("{FAE04EC0-301F-11D3-BF4B-00C04F79EFBC}") = "Solarvito.Migrations", "src\Solarvito\Infrastructure\Solarvito.Migrations\Solarvito.Migrations.csproj", "{C7DCEC52-508C-4B6C-9308-06E98F51C23E}"
EndProject
Project("{FAE04EC0-301F-11D3-BF4B-00C04F79EFBC}") = "Solarvito.Registrar", "src\Solarvito\Infrastructure\Solarvito.Registrar\Solarvito.Registrar.csproj", "{1C98A624-1E2B-46BB-B050-9FF68C328A1D}"
EndProject
Global
	GlobalSection(SolutionConfigurationPlatforms) = preSolution
		Debug|Any CPU = Debug|Any CPU
		Release|Any CPU = Release|Any CPU
	EndGlobalSection
	GlobalSection(ProjectConfigurationPlatforms) = postSolution
		{B24EB8DB-4CF0-4DD1-B3C2-DA758397079F}.Debug|Any CPU.ActiveCfg = Debug|Any CPU
		{B24EB8DB-4CF0-4DD1-B3C2-DA758397079F}.Debug|Any CPU.Build.0 = Debug|Any CPU
		{B24EB8DB-4CF0-4DD1-B3C2-DA758397079F}.Release|Any CPU.ActiveCfg = Release|Any CPU
		{B24EB8DB-4CF0-4DD1-B3C2-DA758397079F}.Release|Any CPU.Build.0 = Release|Any CPU
		{B583BEE1-40AD-4ECC-9A4E-421A8C8964E7}.Debug|Any CPU.ActiveCfg = Debug|Any CPU
		{B583BEE1-40AD-4ECC-9A4E-421A8C8964E7}.Debug|Any CPU.Build.0 = Debug|Any CPU
		{B583BEE1-40AD-4ECC-9A4E-421A8C8964E7}.Release|Any CPU.ActiveCfg = Release|Any CPU
		{B583BEE1-40AD-4ECC-9A4E-421A8C8964E7}.Release|Any CPU.Build.0 = Release|Any CPU
		{F5F8AAA8-8C20-4B41-A87B-CC51093FE618}.Debug|Any CPU.ActiveCfg = Debug|Any CPU
		{F5F8AAA8-8C20-4B41-A87B-CC51093FE618}.Debug|Any CPU.Build.0 = Debug|Any CPU
		{F5F8AAA8-8C20-4B41-A87B-CC51093FE618}.Release|Any CPU.ActiveCfg = Release|Any CPU
		{F5F8AAA8-8C20-4B41-A87B-CC51093FE618}.Release|Any CPU.Build.0 = Release|Any CPU
		{67AF4EAB-7C0F-47BB-BC89-0438E8B0224C}.Debug|Any CPU.ActiveCfg = Debug|Any CPU
		{67AF4EAB-7C0F-47BB-BC89-0438E8B0224C}.Debug|Any CPU.Build.0 = Debug|Any CPU
		{67AF4EAB-7C0F-47BB-BC89-0438E8B0224C}.Release|Any CPU.ActiveCfg = Release|Any CPU
		{67AF4EAB-7C0F-47BB-BC89-0438E8B0224C}.Release|Any CPU.Build.0 = Release|Any CPU
		{6D50C5FC-AE56-4C64-AF77-1B8DCA9E0198}.Debug|Any CPU.ActiveCfg = Debug|Any CPU
		{6D50C5FC-AE56-4C64-AF77-1B8DCA9E0198}.Debug|Any CPU.Build.0 = Debug|Any CPU
		{6D50C5FC-AE56-4C64-AF77-1B8DCA9E0198}.Release|Any CPU.ActiveCfg = Release|Any CPU
		{6D50C5FC-AE56-4C64-AF77-1B8DCA9E0198}.Release|Any CPU.Build.0 = Release|Any CPU
		{763A3A02-74F5-4B40-A3BA-98891A753D7A}.Debug|Any CPU.ActiveCfg = Debug|Any CPU
		{763A3A02-74F5-4B40-A3BA-98891A753D7A}.Debug|Any CPU.Build.0 = Debug|Any CPU
		{763A3A02-74F5-4B40-A3BA-98891A753D7A}.Release|Any CPU.ActiveCfg = Release|Any CPU
		{763A3A02-74F5-4B40-A3BA-98891A753D7A}.Release|Any CPU.Build.0 = Release|Any CPU
		{C7DCEC52-508C-4B6C-9308-06E98F51C23E}.Debug|Any CPU.ActiveCfg = Debug|Any CPU
		{C7DCEC52-508C-4B6C-9308-06E98F51C23E}.Debug|Any CPU.Build.0 = Debug|Any CPU
		{C7DCEC52-508C-4B6C-9308-06E98F51C23E}.Release|Any CPU.ActiveCfg = Release|Any CPU
		{C7DCEC52-508C-4B6C-9308-06E98F51C23E}.Release|Any CPU.Build.0 = Release|Any CPU
		{1C98A624-1E2B-46BB-B050-9FF68C328A1D}.Debug|Any CPU.ActiveCfg = Debug|Any CPU
		{1C98A624-1E2B-46BB-B050-9FF68C328A1D}.Debug|Any CPU.Build.0 = Debug|Any CPU
		{1C98A624-1E2B-46BB-B050-9FF68C328A1D}.Release|Any CPU.ActiveCfg = Release|Any CPU
		{1C98A624-1E2B-46BB-B050-9FF68C328A1D}.Release|Any CPU.Build.0 = Release|Any CPU
	EndGlobalSection
	GlobalSection(SolutionProperties) = preSolution
		HideSolutionNode = FALSE
	EndGlobalSection
	GlobalSection(NestedProjects) = preSolution
		{8CC0C312-F7BE-49E3-ADCD-EE158108E573} = {3B82A3EB-8FD6-4DBA-BC1D-EC9866CC0171}
		{7CC18B6D-CE50-4322-A1DA-0AE20372A765} = {8CC0C312-F7BE-49E3-ADCD-EE158108E573}
		{FC151684-8B39-4FB6-A0EE-1095143CE44C} = {8CC0C312-F7BE-49E3-ADCD-EE158108E573}
		{AF8AF4AD-5396-44CB-A38B-B8673A4CFE08} = {8CC0C312-F7BE-49E3-ADCD-EE158108E573}
		{A83CFB29-5E3B-4F16-AC9E-299DB247DA94} = {8CC0C312-F7BE-49E3-ADCD-EE158108E573}
		{66395199-B8B6-436F-BAF0-72EEF80F4729} = {8CC0C312-F7BE-49E3-ADCD-EE158108E573}
		{798B6194-4185-4003-9816-5AA1A67DD37B} = {8CC0C312-F7BE-49E3-ADCD-EE158108E573}
		{B24EB8DB-4CF0-4DD1-B3C2-DA758397079F} = {7CC18B6D-CE50-4322-A1DA-0AE20372A765}
		{B583BEE1-40AD-4ECC-9A4E-421A8C8964E7} = {66395199-B8B6-436F-BAF0-72EEF80F4729}
		{F5F8AAA8-8C20-4B41-A87B-CC51093FE618} = {A83CFB29-5E3B-4F16-AC9E-299DB247DA94}
		{67AF4EAB-7C0F-47BB-BC89-0438E8B0224C} = {FC151684-8B39-4FB6-A0EE-1095143CE44C}
		{6D50C5FC-AE56-4C64-AF77-1B8DCA9E0198} = {AF8AF4AD-5396-44CB-A38B-B8673A4CFE08}
		{763A3A02-74F5-4B40-A3BA-98891A753D7A} = {AF8AF4AD-5396-44CB-A38B-B8673A4CFE08}
		{C7DCEC52-508C-4B6C-9308-06E98F51C23E} = {AF8AF4AD-5396-44CB-A38B-B8673A4CFE08}
		{1C98A624-1E2B-46BB-B050-9FF68C328A1D} = {AF8AF4AD-5396-44CB-A38B-B8673A4CFE08}
	EndGlobalSection
	GlobalSection(ExtensibilityGlobals) = postSolution
		SolutionGuid = {78BB7BEB-A1D7-4EBF-B09B-BB1BEAC0EC90}
	EndGlobalSection
EndGlobal
